
Microsoft Visual Studio Solution File, Format Version 12.00
# Visual Studio 2012
Project("{FAE04EC0-301F-11D3-BF4B-00C04F79EFBC}") = "NewJamQ", "NewJamQ\NewJamQ.csproj", "{7D20F545-9EE5-4A15-890C-20B51B56E46D}"
EndProject
Global
	GlobalSection(SolutionConfigurationPlatforms) = preSolution
		Debug|iPhoneSimulator = Debug|iPhoneSimulator
		Release|iPhone = Release|iPhone
		Release|iPhoneSimulator = Release|iPhoneSimulator
		Debug|iPhone = Debug|iPhone
	EndGlobalSection
	GlobalSection(ProjectConfigurationPlatforms) = postSolution
		{7D20F545-9EE5-4A15-890C-20B51B56E46D}.Debug|iPhoneSimulator.ActiveCfg = Debug|iPhoneSimulator
		{7D20F545-9EE5-4A15-890C-20B51B56E46D}.Debug|iPhoneSimulator.Build.0 = Debug|iPhoneSimulator
		{7D20F545-9EE5-4A15-890C-20B51B56E46D}.Release|iPhone.ActiveCfg = Release|iPhone
		{7D20F545-9EE5-4A15-890C-20B51B56E46D}.Release|iPhone.Build.0 = Release|iPhone
		{7D20F545-9EE5-4A15-890C-20B51B56E46D}.Release|iPhoneSimulator.ActiveCfg = Release|iPhoneSimulator
		{7D20F545-9EE5-4A15-890C-20B51B56E46D}.Release|iPhoneSimulator.Build.0 = Release|iPhoneSimulator
		{7D20F545-9EE5-4A15-890C-20B51B56E46D}.Debug|iPhone.ActiveCfg = Debug|iPhone
		{7D20F545-9EE5-4A15-890C-20B51B56E46D}.Debug|iPhone.Build.0 = Debug|iPhone
	EndGlobalSection
EndGlobal
